
Microsoft Visual Studio Solution File, Format Version 12.00
# Visual Studio Version 16
VisualStudioVersion = 16.0.31911.196
MinimumVisualStudioVersion = 10.0.40219.1
Project("{FAE04EC0-301F-11D3-BF4B-00C04F79EFBC}") = "MVCReturningDataAsJSONAndString", "MVCReturningDataAsJSONAndString\MVCReturningDataAsJSONAndString.csproj", "{36E0480B-D475-42E1-BCF4-F8AEAB59E553}"
EndProject
Global
	GlobalSection(SolutionConfigurationPlatforms) = preSolution
		Debug|Any CPU = Debug|Any CPU
		Release|Any CPU = Release|Any CPU
	EndGlobalSection
	GlobalSection(ProjectConfigurationPlatforms) = postSolution
		{36E0480B-D475-42E1-BCF4-F8AEAB59E553}.Debug|Any CPU.ActiveCfg = Debug|Any CPU
		{36E0480B-D475-42E1-BCF4-F8AEAB59E553}.Debug|Any CPU.Build.0 = Debug|Any CPU
		{36E0480B-D475-42E1-BCF4-F8AEAB59E553}.Release|Any CPU.ActiveCfg = Release|Any CPU
		{36E0480B-D475-42E1-BCF4-F8AEAB59E553}.Release|Any CPU.Build.0 = Release|Any CPU
	EndGlobalSection
	GlobalSection(SolutionProperties) = preSolution
		HideSolutionNode = FALSE
	EndGlobalSection
	GlobalSection(ExtensibilityGlobals) = postSolution
		SolutionGuid = {65CD863C-E0C2-4CD1-B664-A173C504097D}
	EndGlobalSection
EndGlobal
