
Microsoft Visual Studio Solution File, Format Version 12.00
# Visual Studio Version 16
VisualStudioVersion = 16.0.31911.196
MinimumVisualStudioVersion = 10.0.40219.1
Project("{FAE04EC0-301F-11D3-BF4B-00C04F79EFBC}") = "MVCShowStudents", "MVCShowStudents\MVCShowStudents.csproj", "{93BC0110-8158-446C-9E87-D5F48E518CDD}"
EndProject
Global
	GlobalSection(SolutionConfigurationPlatforms) = preSolution
		Debug|Any CPU = Debug|Any CPU
		Release|Any CPU = Release|Any CPU
	EndGlobalSection
	GlobalSection(ProjectConfigurationPlatforms) = postSolution
		{93BC0110-8158-446C-9E87-D5F48E518CDD}.Debug|Any CPU.ActiveCfg = Debug|Any CPU
		{93BC0110-8158-446C-9E87-D5F48E518CDD}.Debug|Any CPU.Build.0 = Debug|Any CPU
		{93BC0110-8158-446C-9E87-D5F48E518CDD}.Release|Any CPU.ActiveCfg = Release|Any CPU
		{93BC0110-8158-446C-9E87-D5F48E518CDD}.Release|Any CPU.Build.0 = Release|Any CPU
	EndGlobalSection
	GlobalSection(SolutionProperties) = preSolution
		HideSolutionNode = FALSE
	EndGlobalSection
	GlobalSection(ExtensibilityGlobals) = postSolution
		SolutionGuid = {488825EB-7306-43CE-8DD5-68B44FC216E8}
	EndGlobalSection
EndGlobal
