
Microsoft Visual Studio Solution File, Format Version 12.00
# Visual Studio Version 16
VisualStudioVersion = 16.0.31911.196
MinimumVisualStudioVersion = 10.0.40219.1
Project("{FAE04EC0-301F-11D3-BF4B-00C04F79EFBC}") = "MVCVBVDShowCountries", "MVCVBVDShowCountries\MVCVBVDShowCountries.csproj", "{47A47879-02F0-4810-B0F2-031777721ED5}"
EndProject
Global
	GlobalSection(SolutionConfigurationPlatforms) = preSolution
		Debug|Any CPU = Debug|Any CPU
		Release|Any CPU = Release|Any CPU
	EndGlobalSection
	GlobalSection(ProjectConfigurationPlatforms) = postSolution
		{47A47879-02F0-4810-B0F2-031777721ED5}.Debug|Any CPU.ActiveCfg = Debug|Any CPU
		{47A47879-02F0-4810-B0F2-031777721ED5}.Debug|Any CPU.Build.0 = Debug|Any CPU
		{47A47879-02F0-4810-B0F2-031777721ED5}.Release|Any CPU.ActiveCfg = Release|Any CPU
		{47A47879-02F0-4810-B0F2-031777721ED5}.Release|Any CPU.Build.0 = Release|Any CPU
	EndGlobalSection
	GlobalSection(SolutionProperties) = preSolution
		HideSolutionNode = FALSE
	EndGlobalSection
	GlobalSection(ExtensibilityGlobals) = postSolution
		SolutionGuid = {3B78B126-AD2B-4B54-A337-840E4E4ED6D6}
	EndGlobalSection
EndGlobal
