
Microsoft Visual Studio Solution File, Format Version 12.00
# Visual Studio Version 16
VisualStudioVersion = 16.0.31911.196
MinimumVisualStudioVersion = 10.0.40219.1
Project("{FAE04EC0-301F-11D3-BF4B-00C04F79EFBC}") = "ShowCityMinIdAndMaxId", "ShowCityMinIdAndMaxId\ShowCityMinIdAndMaxId.csproj", "{09ABC0D3-F2EC-49DC-925A-D406E86CB23E}"
EndProject
Global
	GlobalSection(SolutionConfigurationPlatforms) = preSolution
		Debug|Any CPU = Debug|Any CPU
		Release|Any CPU = Release|Any CPU
	EndGlobalSection
	GlobalSection(ProjectConfigurationPlatforms) = postSolution
		{09ABC0D3-F2EC-49DC-925A-D406E86CB23E}.Debug|Any CPU.ActiveCfg = Debug|Any CPU
		{09ABC0D3-F2EC-49DC-925A-D406E86CB23E}.Debug|Any CPU.Build.0 = Debug|Any CPU
		{09ABC0D3-F2EC-49DC-925A-D406E86CB23E}.Release|Any CPU.ActiveCfg = Release|Any CPU
		{09ABC0D3-F2EC-49DC-925A-D406E86CB23E}.Release|Any CPU.Build.0 = Release|Any CPU
	EndGlobalSection
	GlobalSection(SolutionProperties) = preSolution
		HideSolutionNode = FALSE
	EndGlobalSection
	GlobalSection(ExtensibilityGlobals) = postSolution
		SolutionGuid = {E610B9BB-8C92-4F3B-B41B-5189A495BAFE}
	EndGlobalSection
EndGlobal
